
Microsoft Visual Studio Solution File, Format Version 12.00
# Visual Studio Version 16
VisualStudioVersion = 16.0.31910.168
MinimumVisualStudioVersion = 10.0.40219.1
Project("{2150E333-8FDC-42A3-9474-1A3956D46DE8}") = "Source", "Source", "{57C69315-97BE-4213-8F16-22A7A33BAC37}"
EndProject
Project("{2150E333-8FDC-42A3-9474-1A3956D46DE8}") = "Core", "Core", "{F2133A04-E433-47C2-A5AB-181509AEFC8B}"
EndProject
Project("{2150E333-8FDC-42A3-9474-1A3956D46DE8}") = "Infrastructure", "Infrastructure", "{510996F5-4A5F-40A3-BE98-33B2F35B61FA}"
EndProject
Project("{2150E333-8FDC-42A3-9474-1A3956D46DE8}") = "WebApp", "WebApp", "{1FD04527-ED8F-45E5-8A4B-F9D994BFC675}"
EndProject
Project("{FAE04EC0-301F-11D3-BF4B-00C04F79EFBC}") = "WebApp.NetBanking", "WebApp.NetBanking\WebApp.NetBanking.csproj", "{BA93543C-A082-4C95-A00E-D816E793B9BC}"
EndProject
Project("{FAE04EC0-301F-11D3-BF4B-00C04F79EFBC}") = "NetBanking.Core.Application", "NetBanking.Core.Application\NetBanking.Core.Application.csproj", "{C5CE698D-337D-4369-956B-28106BE3ACA6}"
EndProject
Project("{FAE04EC0-301F-11D3-BF4B-00C04F79EFBC}") = "NetBanking.Core.Domain", "NetBanking.Core.Domain\NetBanking.Core.Domain.csproj", "{91692DD5-A59D-4BFD-986B-8DF3506AAF7B}"
EndProject
Global
	GlobalSection(SolutionConfigurationPlatforms) = preSolution
		Debug|Any CPU = Debug|Any CPU
		Release|Any CPU = Release|Any CPU
	EndGlobalSection
	GlobalSection(ProjectConfigurationPlatforms) = postSolution
		{BA93543C-A082-4C95-A00E-D816E793B9BC}.Debug|Any CPU.ActiveCfg = Debug|Any CPU
		{BA93543C-A082-4C95-A00E-D816E793B9BC}.Debug|Any CPU.Build.0 = Debug|Any CPU
		{BA93543C-A082-4C95-A00E-D816E793B9BC}.Release|Any CPU.ActiveCfg = Release|Any CPU
		{BA93543C-A082-4C95-A00E-D816E793B9BC}.Release|Any CPU.Build.0 = Release|Any CPU
		{C5CE698D-337D-4369-956B-28106BE3ACA6}.Debug|Any CPU.ActiveCfg = Debug|Any CPU
		{C5CE698D-337D-4369-956B-28106BE3ACA6}.Debug|Any CPU.Build.0 = Debug|Any CPU
		{C5CE698D-337D-4369-956B-28106BE3ACA6}.Release|Any CPU.ActiveCfg = Release|Any CPU
		{C5CE698D-337D-4369-956B-28106BE3ACA6}.Release|Any CPU.Build.0 = Release|Any CPU
		{91692DD5-A59D-4BFD-986B-8DF3506AAF7B}.Debug|Any CPU.ActiveCfg = Debug|Any CPU
		{91692DD5-A59D-4BFD-986B-8DF3506AAF7B}.Debug|Any CPU.Build.0 = Debug|Any CPU
		{91692DD5-A59D-4BFD-986B-8DF3506AAF7B}.Release|Any CPU.ActiveCfg = Release|Any CPU
		{91692DD5-A59D-4BFD-986B-8DF3506AAF7B}.Release|Any CPU.Build.0 = Release|Any CPU
	EndGlobalSection
	GlobalSection(SolutionProperties) = preSolution
		HideSolutionNode = FALSE
	EndGlobalSection
	GlobalSection(NestedProjects) = preSolution
		{F2133A04-E433-47C2-A5AB-181509AEFC8B} = {57C69315-97BE-4213-8F16-22A7A33BAC37}
		{510996F5-4A5F-40A3-BE98-33B2F35B61FA} = {57C69315-97BE-4213-8F16-22A7A33BAC37}
		{1FD04527-ED8F-45E5-8A4B-F9D994BFC675} = {57C69315-97BE-4213-8F16-22A7A33BAC37}
		{BA93543C-A082-4C95-A00E-D816E793B9BC} = {1FD04527-ED8F-45E5-8A4B-F9D994BFC675}
		{C5CE698D-337D-4369-956B-28106BE3ACA6} = {F2133A04-E433-47C2-A5AB-181509AEFC8B}
		{91692DD5-A59D-4BFD-986B-8DF3506AAF7B} = {F2133A04-E433-47C2-A5AB-181509AEFC8B}
	EndGlobalSection
	GlobalSection(ExtensibilityGlobals) = postSolution
		SolutionGuid = {6175E31B-0F3B-4431-92C3-C4C3EB5D35D2}
	EndGlobalSection
EndGlobal
